<?xml version="1.0" encoding="utf-8"?>
<Project ToolsVersion="4.0" xmlns="http://schemas.microsoft.com/developer/msbuild/2003">
  <ItemGroup>
    <Filter Include="ソース ファイル">
      <UniqueIdentifier>{4FC737F1-C7A5-4376-A066-2A32D752A2FF}</UniqueIdentifier>
      <Extensions>cpp;c;cc;cxx;def;odl;idl;hpj;bat;asm;asmx</Extensions>
    </Filter>
    <Filter Include="ヘッダー ファイル">
      <UniqueIdentifier>{93995380-89BD-4b04-88EB-625FBE52EBFB}</UniqueIdentifier>
      <Extensions>h;hh;hpp;hxx;hm;inl;inc;ipp;xsd</Extensions>
    </Filter>
    <Filter Include="リソース ファイル">
      <UniqueIdentifier>{67DA6AB6-F800-4c08-8B7A-83BB121AAD01}</UniqueIdentifier>
      <Extensions>rc;ico;cur;bmp;dlg;rc2;rct;bin;rgs;gif;jpg;jpeg;jpe;resx;tiff;tif;png;wav;mfcribbon-ms</Extensions>
    </Filter>
    <Filter Include="ソース ファイル\DirectXcpp">
      <UniqueIdentifier>{79e2a33f-bf0d-4d1a-bf5a-744c8efeb368}</UniqueIdentifier>
    </Filter>
    <Filter Include="ヘッダー ファイル\DirectXh">
      <UniqueIdentifier>{d74ace11-d40a-4721-90ef-9ee65e62bc43}</UniqueIdentifier>
    </Filter>
    <Filter Include="ソース ファイル\Enginecpp">
      <UniqueIdentifier>{bfc70417-59ce-47bc-863e-03bee3799fc8}</UniqueIdentifier>
    </Filter>
    <Filter Include="ソース ファイル\Gamecpp">
      <UniqueIdentifier>{ff26936f-46a6-4773-bdc9-4f061cf5cdef}</UniqueIdentifier>
    </Filter>
    <Filter Include="ヘッダー ファイル\Engineh">
      <UniqueIdentifier>{4e2dc663-3c2d-45f9-a198-dab79dd56615}</UniqueIdentifier>
    </Filter>
    <Filter Include="ヘッダー ファイル\Gameh">
      <UniqueIdentifier>{a2d04edc-317b-4942-b40c-37aaf18817d0}</UniqueIdentifier>
    </Filter>
  </ItemGroup>
  <ItemGroup>
    <ClInclude Include="direct3d.h">
      <Filter>ヘッダー ファイル\DirectXh</Filter>
    </ClInclude>
    <ClInclude Include="ps.h">
      <Filter>ヘッダー ファイル\DirectXh</Filter>
    </ClInclude>
    <ClInclude Include="vs.h">
      <Filter>ヘッダー ファイル\DirectXh</Filter>
    </ClInclude>
    <ClInclude Include="animator.h">
      <Filter>ヘッダー ファイル\Engineh</Filter>
    </ClInclude>
    <ClInclude Include="CharController.h">
      <Filter>ヘッダー ファイル\Engineh</Filter>
    </ClInclude>
    <ClInclude Include="GameObject.h">
      <Filter>ヘッダー ファイル\Engineh</Filter>
    </ClInclude>
    <ClInclude Include="GameTimer.h">
      <Filter>ヘッダー ファイル\Engineh</Filter>
    </ClInclude>
    <ClInclude Include="input.h">
      <Filter>ヘッダー ファイル\Engineh</Filter>
    </ClInclude>
    <ClInclude Include="Sprite.h">
      <Filter>ヘッダー ファイル\Engineh</Filter>
    </ClInclude>
    <ClInclude Include="UvInfo.h">
      <Filter>ヘッダー ファイル\Engineh</Filter>
    </ClInclude>
    <ClInclude Include="XAudio2.h">
      <Filter>ヘッダー ファイル\Engineh</Filter>
    </ClInclude>
    <ClInclude Include="game.h">
      <Filter>ヘッダー ファイル\Engineh</Filter>
    </ClInclude>
  </ItemGroup>
  <ItemGroup>
    <ClCompile Include="directxtex\include\WICTextureLoader.cpp">
      <Filter>ソース ファイル\DirectXcpp</Filter>
    </ClCompile>
    <ClCompile Include="direct3d.cpp">
      <Filter>ソース ファイル\DirectXcpp</Filter>
    </ClCompile>
    <ClCompile Include="main.cpp">
      <Filter>ソース ファイル\DirectXcpp</Filter>
    </ClCompile>
    <ClCompile Include="animator.cpp">
      <Filter>ソース ファイル\Enginecpp</Filter>
    </ClCompile>
    <ClCompile Include="CharController.cpp">
      <Filter>ソース ファイル\Enginecpp</Filter>
    </ClCompile>
    <ClCompile Include="game.cpp">
      <Filter>ソース ファイル\Enginecpp</Filter>
    </ClCompile>
    <ClCompile Include="GameObject.cpp">
      <Filter>ソース ファイル\Enginecpp</Filter>
    </ClCompile>
    <ClCompile Include="GameTimer.cpp">
      <Filter>ソース ファイル\Enginecpp</Filter>
    </ClCompile>
    <ClCompile Include="input.cpp">
      <Filter>ソース ファイル\Enginecpp</Filter>
    </ClCompile>
    <ClCompile Include="Sprite.cpp">
      <Filter>ソース ファイル\Enginecpp</Filter>
    </ClCompile>
    <ClCompile Include="XAudio2.cpp">
      <Filter>ソース ファイル\Enginecpp</Filter>
    </ClCompile>
  </ItemGroup>
  <ItemGroup>
    <FxCompile Include="ps.hlsl" />
  </ItemGroup>
</Project>